// !$*UTF8*$!
{
	archiveVersion = 1;
	classes = {
	};
	objectVersion = 77;
	objects = {

/* Begin PBXBuildFile section */
		B80120022EC3A10000ADB6F3 /* TimerLiveActivityWidget.appex in Embed Foundation Extensions */ = {isa = PBXBuildFile; fileRef = B8011FFA2EC3A00000ADB6F3 /* TimerLiveActivityWidget.appex */; settings = {ATTRIBUTES = (RemoveHeadersOnCopy, ); }; };
/* End PBXBuildFile section */

/* Begin PBXContainerItemProxy section */
		B8010FE02EB8C67100ADB6F3 /* PBXContainerItemProxy */ = {
			isa = PBXContainerItemProxy;
			containerPortal = B8010FCA2EB8C66E00ADB6F3 /* Project object */;
			proxyType = 1;
			remoteGlobalIDString = B8010FD12EB8C66E00ADB6F3;
			remoteInfo = "my-first-ios-app";
		};
		B8010FEA2EB8C67100ADB6F3 /* PBXContainerItemProxy */ = {
			isa = PBXContainerItemProxy;
			containerPortal = B8010FCA2EB8C66E00ADB6F3 /* Project object */;
			proxyType = 1;
			remoteGlobalIDString = B8010FD12EB8C66E00ADB6F3;
			remoteInfo = "my-first-ios-app";
		};
		B80120032EC3A10000ADB6F3 /* PBXContainerItemProxy */ = {
			isa = PBXContainerItemProxy;
			containerPortal = B8010FCA2EB8C66E00ADB6F3 /* Project object */;
			proxyType = 1;
			remoteGlobalIDString = B8011FF92EC3A00000ADB6F3;
			remoteInfo = TimerLiveActivityWidget;
		};
/* End PBXContainerItemProxy section */

/* Begin PBXCopyFilesBuildPhase section */
		B80120042EC3A10000ADB6F3 /* Embed Foundation Extensions */ = {
			isa = PBXCopyFilesBuildPhase;
			buildActionMask = 2147483647;
			dstPath = "";
			dstSubfolderSpec = 13;
			files = (
				B80120022EC3A10000ADB6F3 /* TimerLiveActivityWidget.appex in Embed Foundation Extensions */,
			);
			name = "Embed Foundation Extensions";
			runOnlyForDeploymentPostprocessing = 0;
		};
/* End PBXCopyFilesBuildPhase section */

/* Begin PBXFileReference section */
		B8010FD22EB8C66E00ADB6F3 /* my-first-ios-app.app */ = {isa = PBXFileReference; explicitFileType = wrapper.application; includeInIndex = 0; path = "my-first-ios-app.app"; sourceTree = BUILT_PRODUCTS_DIR; };
		B8010FDF2EB8C67100ADB6F3 /* my-first-ios-appTests.xctest */ = {isa = PBXFileReference; explicitFileType = wrapper.cfbundle; includeInIndex = 0; path = "my-first-ios-appTests.xctest"; sourceTree = BUILT_PRODUCTS_DIR; };
		B8010FE92EB8C67100ADB6F3 /* my-first-ios-appUITests.xctest */ = {isa = PBXFileReference; explicitFileType = wrapper.cfbundle; includeInIndex = 0; path = "my-first-ios-appUITests.xctest"; sourceTree = BUILT_PRODUCTS_DIR; };
		B8011FFA2EC3A00000ADB6F3 /* TimerLiveActivityWidget.appex */ = {isa = PBXFileReference; explicitFileType = "wrapper.app-extension"; includeInIndex = 0; path = TimerLiveActivityWidget.appex; sourceTree = BUILT_PRODUCTS_DIR; };
		B80120062EC3A20000ADB6F3 /* Info.plist */ = {isa = PBXFileReference; lastKnownFileType = text.plist.xml; path = Info.plist; sourceTree = "<group>"; };
/* End PBXFileReference section */

/* Begin PBXFileSystemSynchronizedRootGroup section */
		B8010FD42EB8C66E00ADB6F3 /* my-first-ios-app */ = {
			isa = PBXFileSystemSynchronizedRootGroup;
			path = "my-first-ios-app";
			sourceTree = "<group>";
		};
		B8010FE22EB8C67100ADB6F3 /* my-first-ios-appTests */ = {
			isa = PBXFileSystemSynchronizedRootGroup;
			path = "my-first-ios-appTests";
			sourceTree = "<group>";
		};
		B8010FEC2EB8C67100ADB6F3 /* my-first-ios-appUITests */ = {
			isa = PBXFileSystemSynchronizedRootGroup;
			path = "my-first-ios-appUITests";
			sourceTree = "<group>";
		};
		B8011FFB2EC3A00000ADB6F3 /* TimerLiveActivityWidget */ = {
			isa = PBXFileSystemSynchronizedRootGroup;
			exceptions = (
				B80120072EC3A20000ADB6F3 /* Exceptions for "TimerLiveActivityWidget" folder in "TimerLiveActivityWidget" target */,
			);
			path = TimerLiveActivityWidget;
			sourceTree = "<group>";
		};
/* End PBXFileSystemSynchronizedRootGroup section */

/* Begin PBXFileSystemSynchronizedBuildFileExceptionSet section */
		B80120072EC3A20000ADB6F3 /* Exceptions for "TimerLiveActivityWidget" folder in "TimerLiveActivityWidget" target */ = {
			isa = PBXFileSystemSynchronizedBuildFileExceptionSet;
			membershipExceptions = (
				Info.plist,
			);
			target = B8011FF92EC3A00000ADB6F3 /* TimerLiveActivityWidget */;
		};
/* End PBXFileSystemSynchronizedBuildFileExceptionSet section */

/* Begin PBXFrameworksBuildPhase section */
		B8010FCF2EB8C66E00ADB6F3 /* Frameworks */ = {
			isa = PBXFrameworksBuildPhase;
			buildActionMask = 2147483647;
			files = (
			);
			runOnlyForDeploymentPostprocessing = 0;
		};
		B8010FDC2EB8C67100ADB6F3 /* Frameworks */ = {
			isa = PBXFrameworksBuildPhase;
			buildActionMask = 2147483647;
			files = (
			);
			runOnlyForDeploymentPostprocessing = 0;
		};
		B8010FE62EB8C67100ADB6F3 /* Frameworks */ = {
			isa = PBXFrameworksBuildPhase;
			buildActionMask = 2147483647;
			files = (
			);
			runOnlyForDeploymentPostprocessing = 0;
		};
		B8011FF62EC3A00000ADB6F3 /* Frameworks */ = {
			isa = PBXFrameworksBuildPhase;
			buildActionMask = 2147483647;
			files = (
			);
			runOnlyForDeploymentPostprocessing = 0;
		};
/* End PBXFrameworksBuildPhase section */

/* Begin PBXGroup section */
		B8010FC92EB8C66E00ADB6F3 = {
			isa = PBXGroup;
			children = (
				B8010FD42EB8C66E00ADB6F3 /* my-first-ios-app */,
				B8011FFB2EC3A00000ADB6F3 /* TimerLiveActivityWidget */,
				B8010FE22EB8C67100ADB6F3 /* my-first-ios-appTests */,
				B8010FEC2EB8C67100ADB6F3 /* my-first-ios-appUITests */,
				B8010FD32EB8C66E00ADB6F3 /* Products */,
			);
			sourceTree = "<group>";
		};
		B8010FD32EB8C66E00ADB6F3 /* Products */ = {
			isa = PBXGroup;
			children = (
				B8010FD22EB8C66E00ADB6F3 /* my-first-ios-app.app */,
				B8010FDF2EB8C67100ADB6F3 /* my-first-ios-appTests.xctest */,
				B8010FE92EB8C67100ADB6F3 /* my-first-ios-appUITests.xctest */,
				B8011FFA2EC3A00000ADB6F3 /* TimerLiveActivityWidget.appex */,
			);
			name = Products;
			sourceTree = "<group>";
		};
/* End PBXGroup section */

/* Begin PBXNativeTarget section */
		B8010FD12EB8C66E00ADB6F3 /* my-first-ios-app */ = {
			isa = PBXNativeTarget;
			buildConfigurationList = B8010FF32EB8C67100ADB6F3 /* Build configuration list for PBXNativeTarget "my-first-ios-app" */;
			buildPhases = (
				B8010FCE2EB8C66E00ADB6F3 /* Sources */,
				B8010FCF2EB8C66E00ADB6F3 /* Frameworks */,
				B8010FD02EB8C66E00ADB6F3 /* Resources */,
				B80120042EC3A10000ADB6F3 /* Embed Foundation Extensions */,
			);
			buildRules = (
			);
			dependencies = (
				B80120052EC3A10000ADB6F3 /* PBXTargetDependency */,
			);
			fileSystemSynchronizedGroups = (
				B8010FD42EB8C66E00ADB6F3 /* my-first-ios-app */,
			);
			name = "my-first-ios-app";
			packageProductDependencies = (
			);
			productName = "my-first-ios-app";
			productReference = B8010FD22EB8C66E00ADB6F3 /* my-first-ios-app.app */;
			productType = "com.apple.product-type.application";
		};
		B8010FDE2EB8C67100ADB6F3 /* my-first-ios-appTests */ = {
			isa = PBXNativeTarget;
			buildConfigurationList = B8010FF62EB8C67100ADB6F3 /* Build configuration list for PBXNativeTarget "my-first-ios-appTests" */;
			buildPhases = (
				B8010FDB2EB8C67100ADB6F3 /* Sources */,
				B8010FDC2EB8C67100ADB6F3 /* Frameworks */,
				B8010FDD2EB8C67100ADB6F3 /* Resources */,
			);
			buildRules = (
			);
			dependencies = (
				B8010FE12EB8C67100ADB6F3 /* PBXTargetDependency */,
			);
			fileSystemSynchronizedGroups = (
				B8010FE22EB8C67100ADB6F3 /* my-first-ios-appTests */,
			);
			name = "my-first-ios-appTests";
			packageProductDependencies = (
			);
			productName = "my-first-ios-appTests";
			productReference = B8010FDF2EB8C67100ADB6F3 /* my-first-ios-appTests.xctest */;
			productType = "com.apple.product-type.bundle.unit-test";
		};
		B8010FE82EB8C67100ADB6F3 /* my-first-ios-appUITests */ = {
			isa = PBXNativeTarget;
			buildConfigurationList = B8010FF92EB8C67100ADB6F3 /* Build configuration list for PBXNativeTarget "my-first-ios-appUITests" */;
			buildPhases = (
				B8010FE52EB8C67100ADB6F3 /* Sources */,
				B8010FE62EB8C67100ADB6F3 /* Frameworks */,
				B8010FE72EB8C67100ADB6F3 /* Resources */,
			);
			buildRules = (
			);
			dependencies = (
				B8010FEB2EB8C67100ADB6F3 /* PBXTargetDependency */,
			);
			fileSystemSynchronizedGroups = (
				B8010FEC2EB8C67100ADB6F3 /* my-first-ios-appUITests */,
			);
			name = "my-first-ios-appUITests";
			packageProductDependencies = (
			);
			productName = "my-first-ios-appUITests";
			productReference = B8010FE92EB8C67100ADB6F3 /* my-first-ios-appUITests.xctest */;
			productType = "com.apple.product-type.bundle.ui-testing";
		};
		B8011FF92EC3A00000ADB6F3 /* TimerLiveActivityWidget */ = {
			isa = PBXNativeTarget;
			buildConfigurationList = B8011FFF2EC3A00000ADB6F3 /* Build configuration list for PBXNativeTarget "TimerLiveActivityWidget" */;
			buildPhases = (
				B8011FF52EC3A00000ADB6F3 /* Sources */,
				B8011FF62EC3A00000ADB6F3 /* Frameworks */,
				B8011FF72EC3A00000ADB6F3 /* Resources */,
			);
			buildRules = (
			);
			dependencies = (
			);
			fileSystemSynchronizedGroups = (
				B8011FFB2EC3A00000ADB6F3 /* TimerLiveActivityWidget */,
			);
			name = TimerLiveActivityWidget;
			packageProductDependencies = (
			);
			productName = TimerLiveActivityWidget;
			productReference = B8011FFA2EC3A00000ADB6F3 /* TimerLiveActivityWidget.appex */;
			productType = "com.apple.product-type.app-extension";
		};
/* End PBXNativeTarget section */

/* Begin PBXProject section */
		B8010FCA2EB8C66E00ADB6F3 /* Project object */ = {
			isa = PBXProject;
			attributes = {
				BuildIndependentTargetsInParallel = 1;
				LastSwiftUpdateCheck = 2600;
				LastUpgradeCheck = 2600;
				TargetAttributes = {
					B8010FD12EB8C66E00ADB6F3 = {
						CreatedOnToolsVersion = 26.0;
					};
					B8010FDE2EB8C67100ADB6F3 = {
						CreatedOnToolsVersion = 26.0;
						TestTargetID = B8010FD12EB8C66E00ADB6F3;
					};
					B8010FE82EB8C67100ADB6F3 = {
						CreatedOnToolsVersion = 26.0;
						TestTargetID = B8010FD12EB8C66E00ADB6F3;
					};
					B8011FF92EC3A00000ADB6F3 = {
						CreatedOnToolsVersion = 26.0;
					};
				};
			};
			buildConfigurationList = B8010FCD2EB8C66E00ADB6F3 /* Build configuration list for PBXProject "my-first-ios-app" */;
			developmentRegion = en;
			hasScannedForEncodings = 0;
			knownRegions = (
				en,
				Base,
			);
			mainGroup = B8010FC92EB8C66E00ADB6F3;
			minimizedProjectReferenceProxies = 1;
			preferredProjectObjectVersion = 77;
			productRefGroup = B8010FD32EB8C66E00ADB6F3 /* Products */;
			projectDirPath = "";
			projectRoot = "";
			targets = (
				B8010FD12EB8C66E00ADB6F3 /* my-first-ios-app */,
				B8010FDE2EB8C67100ADB6F3 /* my-first-ios-appTests */,
				B8010FE82EB8C67100ADB6F3 /* my-first-ios-appUITests */,
				B8011FF92EC3A00000ADB6F3 /* TimerLiveActivityWidget */,
			);
		};
/* End PBXProject section */

/* Begin PBXResourcesBuildPhase section */
		B8010FD02EB8C66E00ADB6F3 /* Resources */ = {
			isa = PBXResourcesBuildPhase;
			buildActionMask = 2147483647;
			files = (
			);
			runOnlyForDeploymentPostprocessing = 0;
		};
		B8010FDD2EB8C67100ADB6F3 /* Resources */ = {
			isa = PBXResourcesBuildPhase;
			buildActionMask = 2147483647;
			files = (
			);
			runOnlyForDeploymentPostprocessing = 0;
		};
		B8010FE72EB8C67100ADB6F3 /* Resources */ = {
			isa = PBXResourcesBuildPhase;
			buildActionMask = 2147483647;
			files = (
			);
			runOnlyForDeploymentPostprocessing = 0;
		};
		B8011FF72EC3A00000ADB6F3 /* Resources */ = {
			isa = PBXResourcesBuildPhase;
			buildActionMask = 2147483647;
			files = (
			);
			runOnlyForDeploymentPostprocessing = 0;
		};
/* End PBXResourcesBuildPhase section */

/* Begin PBXSourcesBuildPhase section */
		B8010FCE2EB8C66E00ADB6F3 /* Sources */ = {
			isa = PBXSourcesBuildPhase;
			buildActionMask = 2147483647;
			files = (
			);
			runOnlyForDeploymentPostprocessing = 0;
		};
		B8010FDB2EB8C67100ADB6F3 /* Sources */ = {
			isa = PBXSourcesBuildPhase;
			buildActionMask = 2147483647;
			files = (
			);
			runOnlyForDeploymentPostprocessing = 0;
		};
		B8010FE52EB8C67100ADB6F3 /* Sources */ = {
			isa = PBXSourcesBuildPhase;
			buildActionMask = 2147483647;
			files = (
			);
			runOnlyForDeploymentPostprocessing = 0;
		};
		B8011FF52EC3A00000ADB6F3 /* Sources */ = {
			isa = PBXSourcesBuildPhase;
			buildActionMask = 2147483647;
			files = (
			);
			runOnlyForDeploymentPostprocessing = 0;
		};
/* End PBXSourcesBuildPhase section */

/* Begin PBXTargetDependency section */
		B8010FE12EB8C67100ADB6F3 /* PBXTargetDependency */ = {
			isa = PBXTargetDependency;
			target = B8010FD12EB8C66E00ADB6F3 /* my-first-ios-app */;
			targetProxy = B8010FE02EB8C67100ADB6F3 /* PBXContainerItemProxy */;
		};
		B8010FEB2EB8C67100ADB6F3 /* PBXTargetDependency */ = {
			isa = PBXTargetDependency;
			target = B8010FD12EB8C66E00ADB6F3 /* my-first-ios-app */;
			targetProxy = B8010FEA2EB8C67100ADB6F3 /* PBXContainerItemProxy */;
		};
		B80120052EC3A10000ADB6F3 /* PBXTargetDependency */ = {
			isa = PBXTargetDependency;
			target = B8011FF92EC3A00000ADB6F3 /* TimerLiveActivityWidget */;
			targetProxy = B80120032EC3A10000ADB6F3 /* PBXContainerItemProxy */;
		};
/* End PBXTargetDependency section */

/* Begin XCBuildConfiguration section */
		B8010FF12EB8C67100ADB6F3 /* Debug */ = {
			isa = XCBuildConfiguration;
			buildSettings = {
				ALWAYS_SEARCH_USER_PATHS = NO;
				ASSETCATALOG_COMPILER_GENERATE_SWIFT_ASSET_SYMBOL_EXTENSIONS = YES;
				CLANG_ANALYZER_NONNULL = YES;
				CLANG_ANALYZER_NUMBER_OBJECT_CONVERSION = YES_AGGRESSIVE;
				CLANG_CXX_LANGUAGE_STANDARD = "gnu++20";
				CLANG_ENABLE_MODULES = YES;
				CLANG_ENABLE_OBJC_ARC = YES;
				CLANG_ENABLE_OBJC_WEAK = YES;
				CLANG_WARN_BLOCK_CAPTURE_AUTORELEASING = YES;
				CLANG_WARN_BOOL_CONVERSION = YES;
				CLANG_WARN_COMMA = YES;
				CLANG_WARN_CONSTANT_CONVERSION = YES;
				CLANG_WARN_DEPRECATED_OBJC_IMPLEMENTATIONS = YES;
				CLANG_WARN_DIRECT_OBJC_ISA_USAGE = YES_ERROR;
				CLANG_WARN_DOCUMENTATION_COMMENTS = YES;
				CLANG_WARN_EMPTY_BODY = YES;
				CLANG_WARN_ENUM_CONVERSION = YES;
				CLANG_WARN_INFINITE_RECURSION = YES;
				CLANG_WARN_INT_CONVERSION = YES;
				CLANG_WARN_NON_LITERAL_NULL_CONVERSION = YES;
				CLANG_WARN_OBJC_IMPLICIT_RETAIN_SELF = YES;
				CLANG_WARN_OBJC_LITERAL_CONVERSION = YES;
				CLANG_WARN_OBJC_ROOT_CLASS = YES_ERROR;
				CLANG_WARN_QUOTED_INCLUDE_IN_FRAMEWORK_HEADER = YES;
				CLANG_WARN_RANGE_LOOP_ANALYSIS = YES;
				CLANG_WARN_STRICT_PROTOTYPES = YES;
				CLANG_WARN_SUSPICIOUS_MOVE = YES;
				CLANG_WARN_UNGUARDED_AVAILABILITY = YES_AGGRESSIVE;
				CLANG_WARN_UNREACHABLE_CODE = YES;
				CLANG_WARN__DUPLICATE_METHOD_MATCH = YES;
				COPY_PHASE_STRIP = NO;
				DEBUG_INFORMATION_FORMAT = dwarf;
				DEVELOPMENT_TEAM = ZJGN63B2N3;
				ENABLE_STRICT_OBJC_MSGSEND = YES;
				ENABLE_TESTABILITY = YES;
				ENABLE_USER_SCRIPT_SANDBOXING = YES;
				GCC_C_LANGUAGE_STANDARD = gnu17;
				GCC_DYNAMIC_NO_PIC = NO;
				GCC_NO_COMMON_BLOCKS = YES;
				GCC_OPTIMIZATION_LEVEL = 0;
				GCC_PREPROCESSOR_DEFINITIONS = (
					"DEBUG=1",
					"$(inherited)",
				);
				GCC_WARN_64_TO_32_BIT_CONVERSION = YES;
				GCC_WARN_ABOUT_RETURN_TYPE = YES_ERROR;
				GCC_WARN_UNDECLARED_SELECTOR = YES;
				GCC_WARN_UNINITIALIZED_AUTOS = YES_AGGRESSIVE;
				GCC_WARN_UNUSED_FUNCTION = YES;
				GCC_WARN_UNUSED_VARIABLE = YES;
				IPHONEOS_DEPLOYMENT_TARGET = 17.0;
				LOCALIZATION_PREFERS_STRING_CATALOGS = YES;
				MTL_ENABLE_DEBUG_INFO = INCLUDE_SOURCE;
				MTL_FAST_MATH = YES;
				ONLY_ACTIVE_ARCH = YES;
				SUPPORTED_PLATFORMS = "iphoneos iphonesimulator";
				SUPPORTS_MACCATALYST = NO;
				SWIFT_ACTIVE_COMPILATION_CONDITIONS = "DEBUG $(inherited)";
				SWIFT_OPTIMIZATION_LEVEL = "-Onone";
			};
			name = Debug;
		};
		B8010FF22EB8C67100ADB6F3 /* Release */ = {
			isa = XCBuildConfiguration;
			buildSettings = {
				ALWAYS_SEARCH_USER_PATHS = NO;
				ASSETCATALOG_COMPILER_GENERATE_SWIFT_ASSET_SYMBOL_EXTENSIONS = YES;
				CLANG_ANALYZER_NONNULL = YES;
				CLANG_ANALYZER_NUMBER_OBJECT_CONVERSION = YES_AGGRESSIVE;
				CLANG_CXX_LANGUAGE_STANDARD = "gnu++20";
				CLANG_ENABLE_MODULES = YES;
				CLANG_ENABLE_OBJC_ARC = YES;
				CLANG_ENABLE_OBJC_WEAK = YES;
				CLANG_WARN_BLOCK_CAPTURE_AUTORELEASING = YES;
				CLANG_WARN_BOOL_CONVERSION = YES;
				CLANG_WARN_COMMA = YES;
				CLANG_WARN_CONSTANT_CONVERSION = YES;
				CLANG_WARN_DEPRECATED_OBJC_IMPLEMENTATIONS = YES;
				CLANG_WARN_DIRECT_OBJC_ISA_USAGE = YES_ERROR;
				CLANG_WARN_DOCUMENTATION_COMMENTS = YES;
				CLANG_WARN_EMPTY_BODY = YES;
				CLANG_WARN_ENUM_CONVERSION = YES;
				CLANG_WARN_INFINITE_RECURSION = YES;
				CLANG_WARN_INT_CONVERSION = YES;
				CLANG_WARN_NON_LITERAL_NULL_CONVERSION = YES;
				CLANG_WARN_OBJC_IMPLICIT_RETAIN_SELF = YES;
				CLANG_WARN_OBJC_LITERAL_CONVERSION = YES;
				CLANG_WARN_OBJC_ROOT_CLASS = YES_ERROR;
				CLANG_WARN_QUOTED_INCLUDE_IN_FRAMEWORK_HEADER = YES;
				CLANG_WARN_RANGE_LOOP_ANALYSIS = YES;
				CLANG_WARN_STRICT_PROTOTYPES = YES;
				CLANG_WARN_SUSPICIOUS_MOVE = YES;
				CLANG_WARN_UNGUARDED_AVAILABILITY = YES_AGGRESSIVE;
				CLANG_WARN_UNREACHABLE_CODE = YES;
				CLANG_WARN__DUPLICATE_METHOD_MATCH = YES;
				COPY_PHASE_STRIP = NO;
				DEBUG_INFORMATION_FORMAT = "dwarf-with-dsym";
				DEVELOPMENT_TEAM = ZJGN63B2N3;
				ENABLE_NS_ASSERTIONS = NO;
				ENABLE_STRICT_OBJC_MSGSEND = YES;
				ENABLE_USER_SCRIPT_SANDBOXING = YES;
				GCC_C_LANGUAGE_STANDARD = gnu17;
				GCC_NO_COMMON_BLOCKS = YES;
				GCC_WARN_64_TO_32_BIT_CONVERSION = YES;
				GCC_WARN_ABOUT_RETURN_TYPE = YES_ERROR;
				GCC_WARN_UNDECLARED_SELECTOR = YES;
				GCC_WARN_UNINITIALIZED_AUTOS = YES_AGGRESSIVE;
				GCC_WARN_UNUSED_FUNCTION = YES;
				GCC_WARN_UNUSED_VARIABLE = YES;
				IPHONEOS_DEPLOYMENT_TARGET = 17.0;
				LOCALIZATION_PREFERS_STRING_CATALOGS = YES;
				MTL_ENABLE_DEBUG_INFO = NO;
				MTL_FAST_MATH = YES;
				SUPPORTED_PLATFORMS = "iphoneos iphonesimulator";
				SUPPORTS_MACCATALYST = NO;
				SWIFT_COMPILATION_MODE = wholemodule;
				VALIDATE_PRODUCT = YES;
			};
			name = Release;
		};
		B8010FF42EB8C67100ADB6F3 /* Debug */ = {
			isa = XCBuildConfiguration;
			buildSettings = {
				ASSETCATALOG_COMPILER_APPICON_NAME = AppIcon;
				ASSETCATALOG_COMPILER_GLOBAL_ACCENT_COLOR_NAME = AccentColor;
				CODE_SIGN_ENTITLEMENTS = "my-first-ios-app/my-first-ios-app.entitlements";
				CODE_SIGN_STYLE = Automatic;
				CURRENT_PROJECT_VERSION = 1;
				DEVELOPMENT_TEAM = ZJGN63B2N3;
				ENABLE_PREVIEWS = YES;
				GENERATE_INFOPLIST_FILE = YES;
				INFOPLIST_KEY_CFBundleURLTypes = (
					{
						CFBundleURLName = "ru.kitelev.my-first-ios-app";
						CFBundleURLSchemes = (
							"my-first-ios-app"
						);
					}
				);
				INFOPLIST_KEY_NSSupportsLiveActivities = YES;
				INFOPLIST_KEY_UIApplicationSceneManifest_Generation = YES;
				INFOPLIST_KEY_UIApplicationSupportsIndirectInputEvents = YES;
				INFOPLIST_KEY_UILaunchScreen_Generation = YES;
				INFOPLIST_KEY_UISupportedInterfaceOrientations_iPad = "UIInterfaceOrientationPortrait UIInterfaceOrientationPortraitUpsideDown UIInterfaceOrientationLandscapeLeft UIInterfaceOrientationLandscapeRight";
				INFOPLIST_KEY_UISupportedInterfaceOrientations_iPhone = "UIInterfaceOrientationPortrait UIInterfaceOrientationLandscapeLeft UIInterfaceOrientationLandscapeRight";
				LD_RUNPATH_SEARCH_PATHS = (
					"$(inherited)",
					"@executable_path/Frameworks",
				);
				MARKETING_VERSION = 1.0;
				PRODUCT_BUNDLE_IDENTIFIER = "ru.kitelev.my-first-ios-app";
				PRODUCT_NAME = "$(TARGET_NAME)";
				STRING_CATALOG_GENERATE_SYMBOLS = YES;
				SWIFT_APPROACHABLE_CONCURRENCY = YES;
				SWIFT_DEFAULT_ACTOR_ISOLATION = MainActor;
				SWIFT_EMIT_LOC_STRINGS = YES;
				SWIFT_UPCOMING_FEATURE_MEMBER_IMPORT_VISIBILITY = YES;
				SWIFT_VERSION = 5.0;
				TARGETED_DEVICE_FAMILY = "1,2";
			};
			name = Debug;
		};
		B8010FF52EB8C67100ADB6F3 /* Release */ = {
			isa = XCBuildConfiguration;
			buildSettings = {
				ASSETCATALOG_COMPILER_APPICON_NAME = AppIcon;
				ASSETCATALOG_COMPILER_GLOBAL_ACCENT_COLOR_NAME = AccentColor;
				CODE_SIGN_ENTITLEMENTS = "my-first-ios-app/my-first-ios-app.entitlements";
				CODE_SIGN_STYLE = Automatic;
				CURRENT_PROJECT_VERSION = 1;
				DEVELOPMENT_TEAM = ZJGN63B2N3;
				ENABLE_PREVIEWS = YES;
				GENERATE_INFOPLIST_FILE = YES;
				INFOPLIST_KEY_CFBundleURLTypes = (
					{
						CFBundleURLName = "ru.kitelev.my-first-ios-app";
						CFBundleURLSchemes = (
							"my-first-ios-app"
						);
					}
				);
				INFOPLIST_KEY_NSSupportsLiveActivities = YES;
				INFOPLIST_KEY_UIApplicationSceneManifest_Generation = YES;
				INFOPLIST_KEY_UIApplicationSupportsIndirectInputEvents = YES;
				INFOPLIST_KEY_UILaunchScreen_Generation = YES;
				INFOPLIST_KEY_UISupportedInterfaceOrientations_iPad = "UIInterfaceOrientationPortrait UIInterfaceOrientationPortraitUpsideDown UIInterfaceOrientationLandscapeLeft UIInterfaceOrientationLandscapeRight";
				INFOPLIST_KEY_UISupportedInterfaceOrientations_iPhone = "UIInterfaceOrientationPortrait UIInterfaceOrientationLandscapeLeft UIInterfaceOrientationLandscapeRight";
				LD_RUNPATH_SEARCH_PATHS = (
					"$(inherited)",
					"@executable_path/Frameworks",
				);
				MARKETING_VERSION = 1.0;
				PRODUCT_BUNDLE_IDENTIFIER = "ru.kitelev.my-first-ios-app";
				PRODUCT_NAME = "$(TARGET_NAME)";
				STRING_CATALOG_GENERATE_SYMBOLS = YES;
				SWIFT_APPROACHABLE_CONCURRENCY = YES;
				SWIFT_DEFAULT_ACTOR_ISOLATION = MainActor;
				SWIFT_EMIT_LOC_STRINGS = YES;
				SWIFT_UPCOMING_FEATURE_MEMBER_IMPORT_VISIBILITY = YES;
				SWIFT_VERSION = 5.0;
				TARGETED_DEVICE_FAMILY = "1,2";
			};
			name = Release;
		};
		B8010FF72EB8C67100ADB6F3 /* Debug */ = {
			isa = XCBuildConfiguration;
			buildSettings = {
				BUNDLE_LOADER = "$(TEST_HOST)";
				CODE_SIGN_STYLE = Automatic;
				CURRENT_PROJECT_VERSION = 1;
				DEVELOPMENT_TEAM = ZJGN63B2N3;
				GENERATE_INFOPLIST_FILE = YES;
				IPHONEOS_DEPLOYMENT_TARGET = 17.0;
				MARKETING_VERSION = 1.0;
				PRODUCT_BUNDLE_IDENTIFIER = "ru.kitelev.my-first-ios-appTests";
				PRODUCT_NAME = "$(TARGET_NAME)";
				STRING_CATALOG_GENERATE_SYMBOLS = NO;
				SWIFT_APPROACHABLE_CONCURRENCY = YES;
				SWIFT_EMIT_LOC_STRINGS = NO;
				SWIFT_UPCOMING_FEATURE_MEMBER_IMPORT_VISIBILITY = YES;
				SWIFT_VERSION = 5.0;
				TARGETED_DEVICE_FAMILY = "1,2";
				TEST_HOST = "$(BUILT_PRODUCTS_DIR)/my-first-ios-app.app/$(BUNDLE_EXECUTABLE_FOLDER_PATH)/my-first-ios-app";
			};
			name = Debug;
		};
		B8010FF82EB8C67100ADB6F3 /* Release */ = {
			isa = XCBuildConfiguration;
			buildSettings = {
				BUNDLE_LOADER = "$(TEST_HOST)";
				CODE_SIGN_STYLE = Automatic;
				CURRENT_PROJECT_VERSION = 1;
				DEVELOPMENT_TEAM = ZJGN63B2N3;
				GENERATE_INFOPLIST_FILE = YES;
				IPHONEOS_DEPLOYMENT_TARGET = 17.0;
				MARKETING_VERSION = 1.0;
				PRODUCT_BUNDLE_IDENTIFIER = "ru.kitelev.my-first-ios-appTests";
				PRODUCT_NAME = "$(TARGET_NAME)";
				STRING_CATALOG_GENERATE_SYMBOLS = NO;
				SWIFT_APPROACHABLE_CONCURRENCY = YES;
				SWIFT_EMIT_LOC_STRINGS = NO;
				SWIFT_UPCOMING_FEATURE_MEMBER_IMPORT_VISIBILITY = YES;
				SWIFT_VERSION = 5.0;
				TARGETED_DEVICE_FAMILY = "1,2";
				TEST_HOST = "$(BUILT_PRODUCTS_DIR)/my-first-ios-app.app/$(BUNDLE_EXECUTABLE_FOLDER_PATH)/my-first-ios-app";
			};
			name = Release;
		};
		B8010FFA2EB8C67100ADB6F3 /* Debug */ = {
			isa = XCBuildConfiguration;
			buildSettings = {
				CODE_SIGN_STYLE = Automatic;
				CURRENT_PROJECT_VERSION = 1;
				DEVELOPMENT_TEAM = ZJGN63B2N3;
				GENERATE_INFOPLIST_FILE = YES;
				MARKETING_VERSION = 1.0;
				PRODUCT_BUNDLE_IDENTIFIER = "ru.kitelev.my-first-ios-appUITests";
				PRODUCT_NAME = "$(TARGET_NAME)";
				STRING_CATALOG_GENERATE_SYMBOLS = NO;
				SWIFT_APPROACHABLE_CONCURRENCY = YES;
				SWIFT_EMIT_LOC_STRINGS = NO;
				SWIFT_UPCOMING_FEATURE_MEMBER_IMPORT_VISIBILITY = YES;
				SWIFT_VERSION = 5.0;
				TARGETED_DEVICE_FAMILY = "1,2";
				TEST_TARGET_NAME = "my-first-ios-app";
			};
			name = Debug;
		};
		B8010FFB2EB8C67100ADB6F3 /* Release */ = {
			isa = XCBuildConfiguration;
			buildSettings = {
				CODE_SIGN_STYLE = Automatic;
				CURRENT_PROJECT_VERSION = 1;
				DEVELOPMENT_TEAM = ZJGN63B2N3;
				GENERATE_INFOPLIST_FILE = YES;
				MARKETING_VERSION = 1.0;
				PRODUCT_BUNDLE_IDENTIFIER = "ru.kitelev.my-first-ios-appUITests";
				PRODUCT_NAME = "$(TARGET_NAME)";
				STRING_CATALOG_GENERATE_SYMBOLS = NO;
				SWIFT_APPROACHABLE_CONCURRENCY = YES;
				SWIFT_EMIT_LOC_STRINGS = NO;
				SWIFT_UPCOMING_FEATURE_MEMBER_IMPORT_VISIBILITY = YES;
				SWIFT_VERSION = 5.0;
				TARGETED_DEVICE_FAMILY = "1,2";
				TEST_TARGET_NAME = "my-first-ios-app";
			};
			name = Release;
		};
		B80120002EC3A00000ADB6F3 /* Debug */ = {
			isa = XCBuildConfiguration;
			buildSettings = {
				ASSETCATALOG_COMPILER_GLOBAL_ACCENT_COLOR_NAME = AccentColor;
				ASSETCATALOG_COMPILER_WIDGET_BACKGROUND_COLOR_NAME = WidgetBackground;
				CODE_SIGN_ENTITLEMENTS = TimerLiveActivityWidget/TimerLiveActivityWidget.entitlements;
				CODE_SIGN_STYLE = Automatic;
				CURRENT_PROJECT_VERSION = 1;
				DEVELOPMENT_TEAM = ZJGN63B2N3;
				GENERATE_INFOPLIST_FILE = NO;
				INFOPLIST_FILE = TimerLiveActivityWidget/Info.plist;
				INFOPLIST_KEY_CFBundleDisplayName = TimerLiveActivityWidget;
				INFOPLIST_KEY_NSHumanReadableCopyright = "";
				INFOPLIST_KEY_NSSupportsLiveActivities = YES;
				IPHONEOS_DEPLOYMENT_TARGET = 17.0;
				LD_RUNPATH_SEARCH_PATHS = (
					"$(inherited)",
					"@executable_path/Frameworks",
					"@executable_path/../../Frameworks",
				);
				MARKETING_VERSION = 1.0;
				PRODUCT_BUNDLE_IDENTIFIER = "ru.kitelev.my-first-ios-app.TimerLiveActivityWidget";
				PRODUCT_NAME = "$(TARGET_NAME)";
				SKIP_INSTALL = YES;
				STRING_CATALOG_GENERATE_SYMBOLS = YES;
				SWIFT_APPROACHABLE_CONCURRENCY = YES;
				SWIFT_EMIT_LOC_STRINGS = YES;
				SWIFT_UPCOMING_FEATURE_MEMBER_IMPORT_VISIBILITY = YES;
				SWIFT_VERSION = 5.0;
				TARGETED_DEVICE_FAMILY = "1,2";
			};
			name = Debug;
		};
		B80120012EC3A00000ADB6F3 /* Release */ = {
			isa = XCBuildConfiguration;
			buildSettings = {
				ASSETCATALOG_COMPILER_GLOBAL_ACCENT_COLOR_NAME = AccentColor;
				ASSETCATALOG_COMPILER_WIDGET_BACKGROUND_COLOR_NAME = WidgetBackground;
				CODE_SIGN_ENTITLEMENTS = TimerLiveActivityWidget/TimerLiveActivityWidget.entitlements;
				CODE_SIGN_STYLE = Automatic;
				CURRENT_PROJECT_VERSION = 1;
				DEVELOPMENT_TEAM = ZJGN63B2N3;
				GENERATE_INFOPLIST_FILE = NO;
				INFOPLIST_FILE = TimerLiveActivityWidget/Info.plist;
				INFOPLIST_KEY_CFBundleDisplayName = TimerLiveActivityWidget;
				INFOPLIST_KEY_NSHumanReadableCopyright = "";
				INFOPLIST_KEY_NSSupportsLiveActivities = YES;
				IPHONEOS_DEPLOYMENT_TARGET = 17.0;
				LD_RUNPATH_SEARCH_PATHS = (
					"$(inherited)",
					"@executable_path/Frameworks",
					"@executable_path/../../Frameworks",
				);
				MARKETING_VERSION = 1.0;
				PRODUCT_BUNDLE_IDENTIFIER = "ru.kitelev.my-first-ios-app.TimerLiveActivityWidget";
				PRODUCT_NAME = "$(TARGET_NAME)";
				SKIP_INSTALL = YES;
				STRING_CATALOG_GENERATE_SYMBOLS = YES;
				SWIFT_APPROACHABLE_CONCURRENCY = YES;
				SWIFT_EMIT_LOC_STRINGS = YES;
				SWIFT_UPCOMING_FEATURE_MEMBER_IMPORT_VISIBILITY = YES;
				SWIFT_VERSION = 5.0;
				TARGETED_DEVICE_FAMILY = "1,2";
			};
			name = Release;
		};
/* End XCBuildConfiguration section */

/* Begin XCConfigurationList section */
		B8010FCD2EB8C66E00ADB6F3 /* Build configuration list for PBXProject "my-first-ios-app" */ = {
			isa = XCConfigurationList;
			buildConfigurations = (
				B8010FF12EB8C67100ADB6F3 /* Debug */,
				B8010FF22EB8C67100ADB6F3 /* Release */,
			);
			defaultConfigurationIsVisible = 0;
			defaultConfigurationName = Release;
		};
		B8010FF32EB8C67100ADB6F3 /* Build configuration list for PBXNativeTarget "my-first-ios-app" */ = {
			isa = XCConfigurationList;
			buildConfigurations = (
				B8010FF42EB8C67100ADB6F3 /* Debug */,
				B8010FF52EB8C67100ADB6F3 /* Release */,
			);
			defaultConfigurationIsVisible = 0;
			defaultConfigurationName = Release;
		};
		B8010FF62EB8C67100ADB6F3 /* Build configuration list for PBXNativeTarget "my-first-ios-appTests" */ = {
			isa = XCConfigurationList;
			buildConfigurations = (
				B8010FF72EB8C67100ADB6F3 /* Debug */,
				B8010FF82EB8C67100ADB6F3 /* Release */,
			);
			defaultConfigurationIsVisible = 0;
			defaultConfigurationName = Release;
		};
		B8010FF92EB8C67100ADB6F3 /* Build configuration list for PBXNativeTarget "my-first-ios-appUITests" */ = {
			isa = XCConfigurationList;
			buildConfigurations = (
				B8010FFA2EB8C67100ADB6F3 /* Debug */,
				B8010FFB2EB8C67100ADB6F3 /* Release */,
			);
			defaultConfigurationIsVisible = 0;
			defaultConfigurationName = Release;
		};
		B8011FFF2EC3A00000ADB6F3 /* Build configuration list for PBXNativeTarget "TimerLiveActivityWidget" */ = {
			isa = XCConfigurationList;
			buildConfigurations = (
				B80120002EC3A00000ADB6F3 /* Debug */,
				B80120012EC3A00000ADB6F3 /* Release */,
			);
			defaultConfigurationIsVisible = 0;
			defaultConfigurationName = Release;
		};
/* End XCConfigurationList section */
	};
	rootObject = B8010FCA2EB8C66E00ADB6F3 /* Project object */;
}
